{
  "name": "01-bst",
  "version": "1.0.0",
  "lockfileVersion": 1,
  "dependencies": {
    "bluebird": {
      "version": "3.5.0",
      "resolved": "https://registry.npmjs.org/bluebird/-/bluebird-3.5.0.tgz",
      "integrity": "sha1-eRQg1/VR7qKJdFOop3ZT+WYG1nw="
    },
    "viz.js": {
      "version": "1.8.0",
      "resolved": "https://registry.npmjs.org/viz.js/-/viz.js-1.8.0.tgz",
      "integrity": "sha1-4Mta0kE2jjWxpulgaR66RUwklR8="
    }
  }
}
